# This file is automatically @generated by Poetry 1.5.1 and should not be changed by hand.

[[package]]
name = "django"
version = "2.0.13"
description = "A high-level Python Web framework that encourages rapid development and clean, pragmatic design."
optional = false
python-versions = ">=3.4"
files = [
    {file = "Django-2.0.13-py3-none-any.whl", hash = "sha256:665457d4146bbd34ae9d2970fa3b37082d7b225b0671bfd24c337458f229db78"},
    {file = "Django-2.0.13.tar.gz", hash = "sha256:bde46d4dbc410678e89bc95ea5d312dd6eb4c37d0fa0e19c9415cad94addf22f"},
]

[package.dependencies]
pytz = "*"

[package.extras]
argon2 = ["argon2-cffi (>=16.1.0)"]
bcrypt = ["bcrypt"]

[[package]]
name = "pytz"
version = "2023.3"
description = "World timezone definitions, modern and historical"
optional = false
python-versions = "*"
files = [
    {file = "pytz-2023.3-py2.py3-none-any.whl", hash = "sha256:a151b3abb88eda1d4e34a9814df37de2a80e301e68ba0fd856fb9b46bfbbbffb"},
    {file = "pytz-2023.3.tar.gz", hash = "sha256:1d8ce29db189191fb55338ee6d0387d82ab59f3d00eac103412d64e0ebd0c588"},
]

[metadata]
lock-version = "2.0"
python-versions = "^3.4,<3.9"
content-hash = "ac80dec704761edb7b18390017af5045de1d7946d0d0af762f4a4b55e25c9ab3"
